
Microsoft Visual Studio Solution File, Format Version 12.00
# Visual Studio Version 16
VisualStudioVersion = 16.0.30128.74
MinimumVisualStudioVersion = 10.0.40219.1
Project("{FAE04EC0-301F-11D3-BF4B-00C04F79EFBC}") = "XMLDemo3", "XMLDemo3\XMLDemo3.csproj", "{275EE2F2-EAE8-48AB-B87C-9D8A4942BE18}"
EndProject
Project("{FAE04EC0-301F-11D3-BF4B-00C04F79EFBC}") = "XMLDemoWinformsApp", "XMLDemoWinformsApp\XMLDemoWinformsApp.csproj", "{6C59AF05-AF36-4D3B-BC1D-EEB104B0CB6D}"
EndProject
Project("{FAE04EC0-301F-11D3-BF4B-00C04F79EFBC}") = "ClassLibrary", "ClassLibrary\ClassLibrary.csproj", "{AEA61D0F-12B7-418A-9188-D467337F719D}"
EndProject
Project("{FAE04EC0-301F-11D3-BF4B-00C04F79EFBC}") = "QuotingDocApp", "QuotingDocApp\QuotingDocApp.csproj", "{32047257-98BA-4874-A530-6BE85FCAF77E}"
EndProject
Project("{9A19103F-16F7-4668-BE54-9A1E7A4F7556}") = "PrintDimensionCounterWpf", "PrintDimensionCounterWpf\PrintDimensionCounterWpf.csproj", "{80535A7A-9301-40DF-B2C9-9072929B46D8}"
EndProject
Project("{9A19103F-16F7-4668-BE54-9A1E7A4F7556}") = "QuoteLetterAppWPFNET5", "QuoteLetterAppWPF\QuoteLetterAppWPFNET5.csproj", "{A379A302-187A-464D-BFE6-60D4364F6DCD}"
EndProject
Project("{FAE04EC0-301F-11D3-BF4B-00C04F79EFBC}") = "ReportLibrary", "ReportLibrary\ReportLibrary.csproj", "{3BED8E71-B423-454A-8A8B-3D4B615F09C8}"
EndProject
Project("{FAE04EC0-301F-11D3-BF4B-00C04F79EFBC}") = "QuoteLetterAppWpf2", "QuoteLetterAppWpf2\QuoteLetterAppWpf2.csproj", "{19960C9F-D16B-4FC4-99DB-1D6942678537}"
EndProject
Project("{9A19103F-16F7-4668-BE54-9A1E7A4F7556}") = "QuotingAppWPF", "QuotingAppWPF\QuotingAppWPF.csproj", "{7EEDC17E-A5EC-4BE9-8D1B-877D2A66D5B2}"
EndProject
Project("{FAE04EC0-301F-11D3-BF4B-00C04F79EFBC}") = "WPFExtensions", "wpfextensions\sourceCode\wpfextensions\WPFExtensions\WPFExtensions\WPFExtensions.csproj", "{A7915102-8326-4862-96F0-4EB80ED087B4}"
EndProject
Global
	GlobalSection(SolutionConfigurationPlatforms) = preSolution
		Debug|Any CPU = Debug|Any CPU
		Release|Any CPU = Release|Any CPU
	EndGlobalSection
	GlobalSection(ProjectConfigurationPlatforms) = postSolution
		{275EE2F2-EAE8-48AB-B87C-9D8A4942BE18}.Debug|Any CPU.ActiveCfg = Debug|Any CPU
		{275EE2F2-EAE8-48AB-B87C-9D8A4942BE18}.Debug|Any CPU.Build.0 = Debug|Any CPU
		{275EE2F2-EAE8-48AB-B87C-9D8A4942BE18}.Release|Any CPU.ActiveCfg = Release|Any CPU
		{275EE2F2-EAE8-48AB-B87C-9D8A4942BE18}.Release|Any CPU.Build.0 = Release|Any CPU
		{6C59AF05-AF36-4D3B-BC1D-EEB104B0CB6D}.Debug|Any CPU.ActiveCfg = Debug|Any CPU
		{6C59AF05-AF36-4D3B-BC1D-EEB104B0CB6D}.Debug|Any CPU.Build.0 = Debug|Any CPU
		{6C59AF05-AF36-4D3B-BC1D-EEB104B0CB6D}.Release|Any CPU.ActiveCfg = Release|Any CPU
		{6C59AF05-AF36-4D3B-BC1D-EEB104B0CB6D}.Release|Any CPU.Build.0 = Release|Any CPU
		{AEA61D0F-12B7-418A-9188-D467337F719D}.Debug|Any CPU.ActiveCfg = Debug|Any CPU
		{AEA61D0F-12B7-418A-9188-D467337F719D}.Debug|Any CPU.Build.0 = Debug|Any CPU
		{AEA61D0F-12B7-418A-9188-D467337F719D}.Release|Any CPU.ActiveCfg = Release|Any CPU
		{AEA61D0F-12B7-418A-9188-D467337F719D}.Release|Any CPU.Build.0 = Release|Any CPU
		{32047257-98BA-4874-A530-6BE85FCAF77E}.Debug|Any CPU.ActiveCfg = Debug|Any CPU
		{32047257-98BA-4874-A530-6BE85FCAF77E}.Debug|Any CPU.Build.0 = Debug|Any CPU
		{32047257-98BA-4874-A530-6BE85FCAF77E}.Release|Any CPU.ActiveCfg = Release|Any CPU
		{32047257-98BA-4874-A530-6BE85FCAF77E}.Release|Any CPU.Build.0 = Release|Any CPU
		{80535A7A-9301-40DF-B2C9-9072929B46D8}.Debug|Any CPU.ActiveCfg = Debug|Any CPU
		{80535A7A-9301-40DF-B2C9-9072929B46D8}.Debug|Any CPU.Build.0 = Debug|Any CPU
		{80535A7A-9301-40DF-B2C9-9072929B46D8}.Release|Any CPU.ActiveCfg = Release|Any CPU
		{80535A7A-9301-40DF-B2C9-9072929B46D8}.Release|Any CPU.Build.0 = Release|Any CPU
		{A379A302-187A-464D-BFE6-60D4364F6DCD}.Debug|Any CPU.ActiveCfg = Debug|Any CPU
		{A379A302-187A-464D-BFE6-60D4364F6DCD}.Debug|Any CPU.Build.0 = Debug|Any CPU
		{A379A302-187A-464D-BFE6-60D4364F6DCD}.Release|Any CPU.ActiveCfg = Release|Any CPU
		{A379A302-187A-464D-BFE6-60D4364F6DCD}.Release|Any CPU.Build.0 = Release|Any CPU
		{3BED8E71-B423-454A-8A8B-3D4B615F09C8}.Debug|Any CPU.ActiveCfg = Debug|Any CPU
		{3BED8E71-B423-454A-8A8B-3D4B615F09C8}.Debug|Any CPU.Build.0 = Debug|Any CPU
		{3BED8E71-B423-454A-8A8B-3D4B615F09C8}.Release|Any CPU.ActiveCfg = Release|Any CPU
		{3BED8E71-B423-454A-8A8B-3D4B615F09C8}.Release|Any CPU.Build.0 = Release|Any CPU
		{19960C9F-D16B-4FC4-99DB-1D6942678537}.Debug|Any CPU.ActiveCfg = Debug|Any CPU
		{19960C9F-D16B-4FC4-99DB-1D6942678537}.Debug|Any CPU.Build.0 = Debug|Any CPU
		{19960C9F-D16B-4FC4-99DB-1D6942678537}.Release|Any CPU.ActiveCfg = Release|Any CPU
		{19960C9F-D16B-4FC4-99DB-1D6942678537}.Release|Any CPU.Build.0 = Release|Any CPU
		{7EEDC17E-A5EC-4BE9-8D1B-877D2A66D5B2}.Debug|Any CPU.ActiveCfg = Debug|Any CPU
		{7EEDC17E-A5EC-4BE9-8D1B-877D2A66D5B2}.Debug|Any CPU.Build.0 = Debug|Any CPU
		{7EEDC17E-A5EC-4BE9-8D1B-877D2A66D5B2}.Release|Any CPU.ActiveCfg = Release|Any CPU
		{7EEDC17E-A5EC-4BE9-8D1B-877D2A66D5B2}.Release|Any CPU.Build.0 = Release|Any CPU
		{A7915102-8326-4862-96F0-4EB80ED087B4}.Debug|Any CPU.ActiveCfg = Debug|Any CPU
		{A7915102-8326-4862-96F0-4EB80ED087B4}.Debug|Any CPU.Build.0 = Debug|Any CPU
		{A7915102-8326-4862-96F0-4EB80ED087B4}.Release|Any CPU.ActiveCfg = Release|Any CPU
		{A7915102-8326-4862-96F0-4EB80ED087B4}.Release|Any CPU.Build.0 = Release|Any CPU
	EndGlobalSection
	GlobalSection(SolutionProperties) = preSolution
		HideSolutionNode = FALSE
	EndGlobalSection
	GlobalSection(ExtensibilityGlobals) = postSolution
		SolutionGuid = {E99E00EC-672C-412B-A191-8C7661283B30}
	EndGlobalSection
EndGlobal
